Microsoft Visual Studio Solution File, Format Version 11.00
# Visual Studio 2008

Project("{51C0F1EE-34DC-A780-2B6A-35624DB2FC70}") = "FYP_2", "Assembly-CSharp-vs.csproj", "{CAA76FA3-9D27-1A1B-8EC7-BD537C78937C}"
EndProject
Project("{51C0F1EE-34DC-A780-2B6A-35624DB2FC70}") = "FYP_2", "Assembly-CSharp-Editor-vs.csproj", "{700AAE60-341C-F438-7602-E5E853AA2C2A}"
EndProject
Global
	GlobalSection(SolutionConfigurationPlatforms) = preSolution
		Debug|Any CPU = Debug|Any CPU
		Release|Any CPU = Release|Any CPU
	EndGlobalSection
	GlobalSection(ProjectConfigurationPlatforms) = postSolution
		{CAA76FA3-9D27-1A1B-8EC7-BD537C78937C}.Debug|Any CPU.ActiveCfg = Debug|Any CPU
		{CAA76FA3-9D27-1A1B-8EC7-BD537C78937C}.Debug|Any CPU.Build.0 = Debug|Any CPU
		{CAA76FA3-9D27-1A1B-8EC7-BD537C78937C}.Release|Any CPU.ActiveCfg = Release|Any CPU
		{CAA76FA3-9D27-1A1B-8EC7-BD537C78937C}.Release|Any CPU.Build.0 = Release|Any CPU
		{700AAE60-341C-F438-7602-E5E853AA2C2A}.Debug|Any CPU.ActiveCfg = Debug|Any CPU
		{700AAE60-341C-F438-7602-E5E853AA2C2A}.Debug|Any CPU.Build.0 = Debug|Any CPU
		{700AAE60-341C-F438-7602-E5E853AA2C2A}.Release|Any CPU.ActiveCfg = Release|Any CPU
		{700AAE60-341C-F438-7602-E5E853AA2C2A}.Release|Any CPU.Build.0 = Release|Any CPU
	EndGlobalSection
	GlobalSection(SolutionProperties) = preSolution
		HideSolutionNode = FALSE
	EndGlobalSection
																															GlobalSection(MonoDevelopProperties) = preSolution
		StartupItem = Assembly-CSharp.csproj
		Policies = $0
		$0.TextStylePolicy = $1
		$1.inheritsSet = null
		$1.scope = text/x-csharp
		$0.CSharpFormattingPolicy = $2
		$2.inheritsSet = Mono
		$2.inheritsScope = text/x-csharp
		$2.scope = text/x-csharp
		$0.TextStylePolicy = $3
		$3.FileWidth = 120
		$3.TabWidth = 4
		$3.IndentWidth = 4
		$3.EolMarker = Unix
		$3.inheritsSet = Mono
		$3.inheritsScope = text/plain
		$3.scope = text/plain
	EndGlobalSection

EndGlobal
