
Microsoft Visual Studio Solution File, Format Version 12.00
# Visual Studio 15
Project("{FAE04EC0-301F-11D3-BF4B-00C04F79EFBC}") = "Assembly-CSharp", "Assembly-CSharp.csproj", "{CAA76FA3-9D27-1A1B-8EC7-BD537C78937C}"
EndProject
Project("{FAE04EC0-301F-11D3-BF4B-00C04F79EFBC}") = "Assembly-CSharp-Editor", "Assembly-CSharp-Editor.csproj", "{700AAE60-341C-F438-7602-E5E853AA2C2A}"
EndProject
Global
	GlobalSection(SolutionConfigurationPlatforms) = preSolution
		Debug|Any CPU = Debug|Any CPU
		Release|Any CPU = Release|Any CPU
	EndGlobalSection
	GlobalSection(ProjectConfigurationPlatforms) = postSolution
		{CAA76FA3-9D27-1A1B-8EC7-BD537C78937C}.Debug|Any CPU.ActiveCfg = Debug|Any CPU
		{CAA76FA3-9D27-1A1B-8EC7-BD537C78937C}.Debug|Any CPU.Build.0 = Debug|Any CPU
		{CAA76FA3-9D27-1A1B-8EC7-BD537C78937C}.Release|Any CPU.ActiveCfg = Release|Any CPU
		{CAA76FA3-9D27-1A1B-8EC7-BD537C78937C}.Release|Any CPU.Build.0 = Release|Any CPU
		{700AAE60-341C-F438-7602-E5E853AA2C2A}.Debug|Any CPU.ActiveCfg = Debug|Any CPU
		{700AAE60-341C-F438-7602-E5E853AA2C2A}.Debug|Any CPU.Build.0 = Debug|Any CPU
		{700AAE60-341C-F438-7602-E5E853AA2C2A}.Release|Any CPU.ActiveCfg = Release|Any CPU
		{700AAE60-341C-F438-7602-E5E853AA2C2A}.Release|Any CPU.Build.0 = Release|Any CPU
	EndGlobalSection
	GlobalSection(SolutionProperties) = preSolution
		HideSolutionNode = FALSE
	EndGlobalSection
EndGlobal
